Microsoft Visual Studio Solution File, Format Version 12.00
# Visual Studio Version 17
VisualStudioVersion = 17.0.31903.59
MinimumVisualStudioVersion = 10.0.40219.1
Project("{2150E333-8FDC-42A3-9474-1A3956D46DE8}") = "src", "src", "{B805868B-0AAE-47A2-8EA0-9AEAF1B72F85}"
EndProject
Project("{9A19103F-16F7-4668-BE54-9A1E7A4F7556}") = "WorkshopBooker.Domain", "src\WorkshopBooker.Domain\WorkshopBooker.Domain.csproj", "{B6A6F10E-76DA-4706-9D6F-1AFB404AE1EE}"
EndProject
Project("{9A19103F-16F7-4668-BE54-9A1E7A4F7556}") = "WorkshopBooker.Application", "src\WorkshopBooker.Application\WorkshopBooker.Application.csproj", "{5F773962-824B-4A9E-9006-18815FB428BA}"
EndProject
Project("{9A19103F-16F7-4668-BE54-9A1E7A4F7556}") = "WorkshopBooker.Infrastructure", "src\WorkshopBooker.Infrastructure\WorkshopBooker.Infrastructure.csproj", "{81D3F814-0C35-4AD7-9699-2FAF32CEB7E2}"
EndProject
Project("{9A19103F-16F7-4668-BE54-9A1E7A4F7556}") = "WorkshopBooker.Api", "src\WorkshopBooker.Api\WorkshopBooker.Api.csproj", "{F6555FA4-9E15-4154-8E37-27F74E22BBE6}"
EndProject
Project("{9A19103F-16F7-4668-BE54-9A1E7A4F7556}") = "WorkshopBooker.Integration.Tests", "src\WorkshopBooker.Integration.Tests\WorkshopBooker.Integration.Tests.csproj", "{A1B2C3D4-5E6F-7890-ABCD-EF1234567890}"
EndProject
Project("{2150E333-8FDC-42A3-9474-1A3956D46DE8}") = "Core", "Core", "{5085A28B-525E-420D-AEC4-518E54B2D30D}"
EndProject
Project("{9A19103F-16F7-4668-BE54-9A1E7A4F7556}") = "WorkshopBooker.Core.Common", "src\Core\WorkshopBooker.Core.Common\WorkshopBooker.Core.Common.csproj", "{D792CCFF-E29B-486A-B54B-87F6D8310F57}"
EndProject
Project("{9A19103F-16F7-4668-BE54-9A1E7A4F7556}") = "WorkshopBooker.Core.Authentication", "src\Core\WorkshopBooker.Core.Authentication\WorkshopBooker.Core.Authentication.csproj", "{46D6627D-B251-40AE-89FE-08BA4FD7E08E}"
EndProject
Project("{9A19103F-16F7-4668-BE54-9A1E7A4F7556}") = "WorkshopBooker.Core.Messaging", "src\Core\WorkshopBooker.Core.Messaging\WorkshopBooker.Core.Messaging.csproj", "{5A222C93-27B7-48D0-AEAC-9F796C7184AC}"
EndProject
Project("{9A19103F-16F7-4668-BE54-9A1E7A4F7556}") = "WorkshopBooker.Emergency.Domain", "src\Services\Emergency\WorkshopBooker.Emergency.Domain\WorkshopBooker.Emergency.Domain.csproj", "{E685568F-1B00-468B-98AD-C4C6FE449E35}"
EndProject
Project("{9A19103F-16F7-4668-BE54-9A1E7A4F7556}") = "WorkshopBooker.Emergency.Infrastructure", "src\Services\Emergency\WorkshopBooker.Emergency.Infrastructure\WorkshopBooker.Emergency.Infrastructure.csproj", "{C0D51771-39D3-4E0C-8798-D5B540962E6B}"
EndProject
Project("{9A19103F-16F7-4668-BE54-9A1E7A4F7556}") = "WorkshopBooker.Emergency.Api", "src\Services\Emergency\WorkshopBooker.Emergency.Api\WorkshopBooker.Emergency.Api.csproj", "{6C5922CC-AC74-45E7-99CD-194BF2EC98D0}"
EndProject
Project("{9A19103F-16F7-4668-BE54-9A1E7A4F7556}") = "WorkshopBooker.Gateway", "src\Gateway\WorkshopBooker.Gateway\WorkshopBooker.Gateway.csproj", "{75B4C712-C36E-414A-93BD-04063B16CCF5}"
EndProject
Project("{2150E333-8FDC-42A3-9474-1A3956D46DE8}") = "Services", "Services", "{B056B1B0-D801-488D-9575-8E67809892B2}"
EndProject
Project("{2150E333-8FDC-42A3-9474-1A3956D46DE8}") = "Insurance", "Insurance", "{E98735FF-1459-4234-B9AD-40E0698FAFAC}"
EndProject
Project("{9A19103F-16F7-4668-BE54-9A1E7A4F7556}") = "WorkshopBooker.Insurance.Domain", "src\Services\Insurance\WorkshopBooker.Insurance.Domain\WorkshopBooker.Insurance.Domain.csproj", "{A294D2A9-D080-491D-8E3D-5E8B8C33E23F}"
EndProject
Project("{9A19103F-16F7-4668-BE54-9A1E7A4F7556}") = "WorkshopBooker.Insurance.Infrastructure", "src\Services\Insurance\WorkshopBooker.Insurance.Infrastructure\WorkshopBooker.Insurance.Infrastructure.csproj", "{025418F1-8C27-4F3D-818C-E169EAEC2971}"
EndProject
Project("{9A19103F-16F7-4668-BE54-9A1E7A4F7556}") = "WorkshopBooker.Insurance.Api", "src\Services\Insurance\WorkshopBooker.Insurance.Api\WorkshopBooker.Insurance.Api.csproj", "{9049AF63-C842-465A-A1EA-FE090EE3E6F8}"
EndProject
Project("{2150E333-8FDC-42A3-9474-1A3956D46DE8}") = "Legal", "Legal", "{0BE7FDED-C327-428F-A7D0-ECDF6237FE4F}"
EndProject
Project("{9A19103F-16F7-4668-BE54-9A1E7A4F7556}") = "WorkshopBooker.Legal.Domain", "src\Services\Legal\WorkshopBooker.Legal.Domain\WorkshopBooker.Legal.Domain.csproj", "{3500BCC1-9377-488A-B1B0-AE424B9B73A6}"
EndProject
Project("{9A19103F-16F7-4668-BE54-9A1E7A4F7556}") = "WorkshopBooker.Legal.Infrastructure", "src\Services\Legal\WorkshopBooker.Legal.Infrastructure\WorkshopBooker.Legal.Infrastructure.csproj", "{7A69C774-6671-48CF-8089-FD18461439FE}"
EndProject
Project("{9A19103F-16F7-4668-BE54-9A1E7A4F7556}") = "WorkshopBooker.Legal.Api", "src\Services\Legal\WorkshopBooker.Legal.Api\WorkshopBooker.Legal.Api.csproj", "{AB68FBA3-4BF2-48FF-B47C-DE4FD2EB92E5}"
EndProject
Global
	GlobalSection(SolutionConfigurationPlatforms) = preSolution
		Debug|Any CPU = Debug|Any CPU
		Release|Any CPU = Release|Any CPU
	EndGlobalSection
	GlobalSection(ProjectConfigurationPlatforms) = postSolution
		{B6A6F10E-76DA-4706-9D6F-1AFB404AE1EE}.Debug|Any CPU.ActiveCfg = Debug|Any CPU
		{B6A6F10E-76DA-4706-9D6F-1AFB404AE1EE}.Debug|Any CPU.Build.0 = Debug|Any CPU
		{B6A6F10E-76DA-4706-9D6F-1AFB404AE1EE}.Release|Any CPU.ActiveCfg = Release|Any CPU
		{B6A6F10E-76DA-4706-9D6F-1AFB404AE1EE}.Release|Any CPU.Build.0 = Release|Any CPU
		{5F773962-824B-4A9E-9006-18815FB428BA}.Debug|Any CPU.ActiveCfg = Debug|Any CPU
		{5F773962-824B-4A9E-9006-18815FB428BA}.Debug|Any CPU.Build.0 = Debug|Any CPU
		{5F773962-824B-4A9E-9006-18815FB428BA}.Release|Any CPU.ActiveCfg = Release|Any CPU
		{5F773962-824B-4A9E-9006-18815FB428BA}.Release|Any CPU.Build.0 = Release|Any CPU
		{81D3F814-0C35-4AD7-9699-2FAF32CEB7E2}.Debug|Any CPU.ActiveCfg = Debug|Any CPU
		{81D3F814-0C35-4AD7-9699-2FAF32CEB7E2}.Debug|Any CPU.Build.0 = Debug|Any CPU
		{81D3F814-0C35-4AD7-9699-2FAF32CEB7E2}.Release|Any CPU.ActiveCfg = Release|Any CPU
		{81D3F814-0C35-4AD7-9699-2FAF32CEB7E2}.Release|Any CPU.Build.0 = Release|Any CPU
		{F6555FA4-9E15-4154-8E37-27F74E22BBE6}.Debug|Any CPU.ActiveCfg = Debug|Any CPU
		{F6555FA4-9E15-4154-8E37-27F74E22BBE6}.Debug|Any CPU.Build.0 = Debug|Any CPU
		{F6555FA4-9E15-4154-8E37-27F74E22BBE6}.Release|Any CPU.ActiveCfg = Release|Any CPU
		{F6555FA4-9E15-4154-8E37-27F74E22BBE6}.Release|Any CPU.Build.0 = Release|Any CPU
		{A1B2C3D4-5E6F-7890-ABCD-EF1234567890}.Debug|Any CPU.ActiveCfg = Debug|Any CPU
		{A1B2C3D4-5E6F-7890-ABCD-EF1234567890}.Debug|Any CPU.Build.0 = Debug|Any CPU
		{A1B2C3D4-5E6F-7890-ABCD-EF1234567890}.Release|Any CPU.ActiveCfg = Release|Any CPU
		{A1B2C3D4-5E6F-7890-ABCD-EF1234567890}.Release|Any CPU.Build.0 = Release|Any CPU
		{D792CCFF-E29B-486A-B54B-87F6D8310F57}.Debug|Any CPU.ActiveCfg = Debug|Any CPU
		{D792CCFF-E29B-486A-B54B-87F6D8310F57}.Debug|Any CPU.Build.0 = Debug|Any CPU
		{D792CCFF-E29B-486A-B54B-87F6D8310F57}.Release|Any CPU.ActiveCfg = Release|Any CPU
		{D792CCFF-E29B-486A-B54B-87F6D8310F57}.Release|Any CPU.Build.0 = Release|Any CPU
		{46D6627D-B251-40AE-89FE-08BA4FD7E08E}.Debug|Any CPU.ActiveCfg = Debug|Any CPU
		{46D6627D-B251-40AE-89FE-08BA4FD7E08E}.Debug|Any CPU.Build.0 = Debug|Any CPU
		{46D6627D-B251-40AE-89FE-08BA4FD7E08E}.Release|Any CPU.ActiveCfg = Release|Any CPU
		{46D6627D-B251-40AE-89FE-08BA4FD7E08E}.Release|Any CPU.Build.0 = Release|Any CPU
		{5A222C93-27B7-48D0-AEAC-9F796C7184AC}.Debug|Any CPU.ActiveCfg = Debug|Any CPU
		{5A222C93-27B7-48D0-AEAC-9F796C7184AC}.Debug|Any CPU.Build.0 = Debug|Any CPU
		{5A222C93-27B7-48D0-AEAC-9F796C7184AC}.Release|Any CPU.ActiveCfg = Release|Any CPU
		{5A222C93-27B7-48D0-AEAC-9F796C7184AC}.Release|Any CPU.Build.0 = Release|Any CPU
		{E685568F-1B00-468B-98AD-C4C6FE449E35}.Debug|Any CPU.ActiveCfg = Debug|Any CPU
		{E685568F-1B00-468B-98AD-C4C6FE449E35}.Debug|Any CPU.Build.0 = Debug|Any CPU
		{E685568F-1B00-468B-98AD-C4C6FE449E35}.Release|Any CPU.ActiveCfg = Release|Any CPU
		{E685568F-1B00-468B-98AD-C4C6FE449E35}.Release|Any CPU.Build.0 = Release|Any CPU
		{C0D51771-39D3-4E0C-8798-D5B540962E6B}.Debug|Any CPU.ActiveCfg = Debug|Any CPU
		{C0D51771-39D3-4E0C-8798-D5B540962E6B}.Debug|Any CPU.Build.0 = Debug|Any CPU
		{C0D51771-39D3-4E0C-8798-D5B540962E6B}.Release|Any CPU.ActiveCfg = Release|Any CPU
		{C0D51771-39D3-4E0C-8798-D5B540962E6B}.Release|Any CPU.Build.0 = Release|Any CPU
		{6C5922CC-AC74-45E7-99CD-194BF2EC98D0}.Debug|Any CPU.ActiveCfg = Debug|Any CPU
		{6C5922CC-AC74-45E7-99CD-194BF2EC98D0}.Debug|Any CPU.Build.0 = Debug|Any CPU
		{6C5922CC-AC74-45E7-99CD-194BF2EC98D0}.Release|Any CPU.ActiveCfg = Release|Any CPU
		{6C5922CC-AC74-45E7-99CD-194BF2EC98D0}.Release|Any CPU.Build.0 = Release|Any CPU
		{75B4C712-C36E-414A-93BD-04063B16CCF5}.Debug|Any CPU.ActiveCfg = Debug|Any CPU
		{75B4C712-C36E-414A-93BD-04063B16CCF5}.Debug|Any CPU.Build.0 = Debug|Any CPU
		{75B4C712-C36E-414A-93BD-04063B16CCF5}.Release|Any CPU.ActiveCfg = Release|Any CPU
		{75B4C712-C36E-414A-93BD-04063B16CCF5}.Release|Any CPU.Build.0 = Release|Any CPU
		{A294D2A9-D080-491D-8E3D-5E8B8C33E23F}.Debug|Any CPU.ActiveCfg = Debug|Any CPU
		{A294D2A9-D080-491D-8E3D-5E8B8C33E23F}.Debug|Any CPU.Build.0 = Debug|Any CPU
		{A294D2A9-D080-491D-8E3D-5E8B8C33E23F}.Release|Any CPU.ActiveCfg = Release|Any CPU
		{A294D2A9-D080-491D-8E3D-5E8B8C33E23F}.Release|Any CPU.Build.0 = Release|Any CPU
		{025418F1-8C27-4F3D-818C-E169EAEC2971}.Debug|Any CPU.ActiveCfg = Debug|Any CPU
		{025418F1-8C27-4F3D-818C-E169EAEC2971}.Debug|Any CPU.Build.0 = Debug|Any CPU
		{025418F1-8C27-4F3D-818C-E169EAEC2971}.Release|Any CPU.ActiveCfg = Release|Any CPU
		{025418F1-8C27-4F3D-818C-E169EAEC2971}.Release|Any CPU.Build.0 = Release|Any CPU
		{9049AF63-C842-465A-A1EA-FE090EE3E6F8}.Debug|Any CPU.ActiveCfg = Debug|Any CPU
		{9049AF63-C842-465A-A1EA-FE090EE3E6F8}.Debug|Any CPU.Build.0 = Debug|Any CPU
		{9049AF63-C842-465A-A1EA-FE090EE3E6F8}.Release|Any CPU.ActiveCfg = Release|Any CPU
		{9049AF63-C842-465A-A1EA-FE090EE3E6F8}.Release|Any CPU.Build.0 = Release|Any CPU
		{3500BCC1-9377-488A-B1B0-AE424B9B73A6}.Debug|Any CPU.ActiveCfg = Debug|Any CPU
		{3500BCC1-9377-488A-B1B0-AE424B9B73A6}.Debug|Any CPU.Build.0 = Debug|Any CPU
		{3500BCC1-9377-488A-B1B0-AE424B9B73A6}.Release|Any CPU.ActiveCfg = Release|Any CPU
		{3500BCC1-9377-488A-B1B0-AE424B9B73A6}.Release|Any CPU.Build.0 = Release|Any CPU
		{7A69C774-6671-48CF-8089-FD18461439FE}.Debug|Any CPU.ActiveCfg = Debug|Any CPU
		{7A69C774-6671-48CF-8089-FD18461439FE}.Debug|Any CPU.Build.0 = Debug|Any CPU
		{7A69C774-6671-48CF-8089-FD18461439FE}.Release|Any CPU.ActiveCfg = Release|Any CPU
		{7A69C774-6671-48CF-8089-FD18461439FE}.Release|Any CPU.Build.0 = Release|Any CPU
		{AB68FBA3-4BF2-48FF-B47C-DE4FD2EB92E5}.Debug|Any CPU.ActiveCfg = Debug|Any CPU
		{AB68FBA3-4BF2-48FF-B47C-DE4FD2EB92E5}.Debug|Any CPU.Build.0 = Debug|Any CPU
		{AB68FBA3-4BF2-48FF-B47C-DE4FD2EB92E5}.Release|Any CPU.ActiveCfg = Release|Any CPU
		{AB68FBA3-4BF2-48FF-B47C-DE4FD2EB92E5}.Release|Any CPU.Build.0 = Release|Any CPU
	EndGlobalSection
	GlobalSection(SolutionProperties) = preSolution
		HideSolutionNode = FALSE
	EndGlobalSection
	GlobalSection(NestedProjects) = preSolution
		{B6A6F10E-76DA-4706-9D6F-1AFB404AE1EE} = {B805868B-0AAE-47A2-8EA0-9AEAF1B72F85}
		{5F773962-824B-4A9E-9006-18815FB428BA} = {B805868B-0AAE-47A2-8EA0-9AEAF1B72F85}
		{81D3F814-0C35-4AD7-9699-2FAF32CEB7E2} = {B805868B-0AAE-47A2-8EA0-9AEAF1B72F85}
		{F6555FA4-9E15-4154-8E37-27F74E22BBE6} = {B805868B-0AAE-47A2-8EA0-9AEAF1B72F85}
		{A1B2C3D4-5E6F-7890-ABCD-EF1234567890} = {B805868B-0AAE-47A2-8EA0-9AEAF1B72F85}
		{E685568F-1B00-468B-98AD-C4C6FE449E35} = {B805868B-0AAE-47A2-8EA0-9AEAF1B72F85}
		{C0D51771-39D3-4E0C-8798-D5B540962E6B} = {B805868B-0AAE-47A2-8EA0-9AEAF1B72F85}
		{6C5922CC-AC74-45E7-99CD-194BF2EC98D0} = {B805868B-0AAE-47A2-8EA0-9AEAF1B72F85}
	EndGlobalSection
	GlobalSection(ExtensibilityGlobals) = postSolution
		SolutionGuid = {15E064FA-5BD6-4BE1-B2A6-5C8A20FFFF08}
	EndGlobalSection
EndGlobal
